Microsoft Visual Studio Solution File, Format Version 12.00
# Visual Studio Version 17
VisualStudioVersion = 17.5.2.0
MinimumVisualStudioVersion = 10.0.40219.1
Project("{FAE04EC0-301F-11D3-BF4B-00C04F79EFBC}") = "EnvConfigApi", "EnvConfigApi.csproj", "{7151785F-4C98-6146-6AA9-E33C6C340C8F}"
EndProject
Global
	GlobalSection(SolutionConfigurationPlatforms) = preSolution
		Debug|Any CPU = Debug|Any CPU
		Release|Any CPU = Release|Any CPU
	EndGlobalSection
	GlobalSection(ProjectConfigurationPlatforms) = postSolution
		{7151785F-4C98-6146-6AA9-E33C6C340C8F}.Debug|Any CPU.ActiveCfg = Debug|Any CPU
		{7151785F-4C98-6146-6AA9-E33C6C340C8F}.Debug|Any CPU.Build.0 = Debug|Any CPU
		{7151785F-4C98-6146-6AA9-E33C6C340C8F}.Release|Any CPU.ActiveCfg = Release|Any CPU
		{7151785F-4C98-6146-6AA9-E33C6C340C8F}.Release|Any CPU.Build.0 = Release|Any CPU
	EndGlobalSection
	GlobalSection(SolutionProperties) = preSolution
		HideSolutionNode = FALSE
	EndGlobalSection
	GlobalSection(ExtensibilityGlobals) = postSolution
		SolutionGuid = {FA774583-7D4D-489B-A5E8-B9D675A78D1F}
	EndGlobalSection
EndGlobal
